# This file is automatically @generated by Poetry 1.8.0 and should not be changed by hand.

[[package]]
name = "model-interface"
version = "0.1.0"
description = ""
optional = false
python-versions = ">=3.10,<4.0"
files = [
    {file = "model_interface-0.1.0-py3-none-any.whl", hash = "sha256:14eccf440d49a019a038aa4bda0ac35de4ad6ecdae005676e041acaeff9bf8b8"},
]

[package.source]
type = "file"
url = "python_wheels/model_interface-0.1.0-py3-none-any.whl"

[metadata]
lock-version = "2.0"
python-versions = "^3.10"
content-hash = "5d81cebe27f9446be6bb42e93fefdc2ced52a8e87654ca480c7d5329ce4899bd"
