# This file is automatically @generated by Poetry 1.8.2 and should not be changed by hand.

[[package]]
name = "model-interface"
version = "0.1.0"
description = ""
optional = false
python-versions = "^3.10"
files = []
develop = false

[package.source]
type = "git"
url = "https://github.com/VLMHyperBenchTeam/model_interface.git"
reference = "0.1.1"
resolved_reference = "d10da3dfe5291dcf6cb2c8816f286f7916ff7356"

[metadata]
lock-version = "2.0"
python-versions = "^3.10"
content-hash = "0f7549423f6d33f385dabf8819b8354c3eb9bba3b5724a368d24415c9ae7580d"
